
Microsoft Visual Studio Solution File, Format Version 12.00
# Visual Studio Version 17
VisualStudioVersion = 17.5.002.0
MinimumVisualStudioVersion = 10.0.40219.1
Project("{9A19103F-16F7-4668-BE54-9A1E7A4F7556}") = "vsc", "vsc.csproj", "{E7694911-04F4-4318-875A-8988D22C38C3}"
EndProject
Global
	GlobalSection(SolutionConfigurationPlatforms) = preSolution
		Debug|Any CPU = Debug|Any CPU
		Release|Any CPU = Release|Any CPU
	EndGlobalSection
	GlobalSection(ProjectConfigurationPlatforms) = postSolution
		{E7694911-04F4-4318-875A-8988D22C38C3}.Debug|Any CPU.ActiveCfg = Debug|Any CPU
		{E7694911-04F4-4318-875A-8988D22C38C3}.Debug|Any CPU.Build.0 = Debug|Any CPU
		{E7694911-04F4-4318-875A-8988D22C38C3}.Release|Any CPU.ActiveCfg = Release|Any CPU
		{E7694911-04F4-4318-875A-8988D22C38C3}.Release|Any CPU.Build.0 = Release|Any CPU
	EndGlobalSection
	GlobalSection(SolutionProperties) = preSolution
		HideSolutionNode = FALSE
	EndGlobalSection
	GlobalSection(ExtensibilityGlobals) = postSolution
		SolutionGuid = {9C2BC0A3-8572-415A-BF45-B8252AA7B274}
	EndGlobalSection
EndGlobal
